{
  "name": "status",
  "lockfileVersion": 2,
  "requires": true,
  "packages": {
    "": {
      "dependencies": {
        "d3-array": "^3.2.4",
        "luxon": "^3.4.3"
      }
    },
    "node_modules/d3-array": {
      "version": "3.2.4",
      "resolved": "https://registry.npmjs.org/d3-array/-/d3-array-3.2.4.tgz",
      "integrity": "sha512-tdQAmyA18i4J7wprpYq8ClcxZy3SC31QMeByyCFyRt7BVHdREQZ5lpzoe5mFEYZUWe+oq8HBvk9JjpibyEV4Jg==",
      "dependencies": {
        "internmap": "1 - 2"
      },
      "engines": {
        "node": ">=12"
      }
    },
    "node_modules/internmap": {
      "version": "2.0.3",
      "resolved": "https://registry.npmjs.org/internmap/-/internmap-2.0.3.tgz",
      "integrity": "sha512-5Hh7Y1wQbvY5ooGgPbDaL5iYLAPzMTUrjMulskHLH6wnv/A+1q5rgEaiuqEjB+oxGXIVZs1FF+R/KPN3ZSQYYg==",
      "engines": {
        "node": ">=12"
      }
    },
    "node_modules/luxon": {
      "version": "3.4.3",
      "resolved": "https://registry.npmjs.org/luxon/-/luxon-3.4.3.tgz",
      "integrity": "sha512-tFWBiv3h7z+T/tDaoxA8rqTxy1CHV6gHS//QdaH4pulbq/JuBSGgQspQQqcgnwdAx6pNI7cmvz5Sv/addzHmUg==",
      "engines": {
        "node": ">=12"
      }
    }
  },
  "dependencies": {
    "d3-array": {
      "version": "3.2.4",
      "resolved": "https://registry.npmjs.org/d3-array/-/d3-array-3.2.4.tgz",
      "integrity": "sha512-tdQAmyA18i4J7wprpYq8ClcxZy3SC31QMeByyCFyRt7BVHdREQZ5lpzoe5mFEYZUWe+oq8HBvk9JjpibyEV4Jg==",
      "requires": {
        "internmap": "1 - 2"
      }
    },
    "internmap": {
      "version": "2.0.3",
      "resolved": "https://registry.npmjs.org/internmap/-/internmap-2.0.3.tgz",
      "integrity": "sha512-5Hh7Y1wQbvY5ooGgPbDaL5iYLAPzMTUrjMulskHLH6wnv/A+1q5rgEaiuqEjB+oxGXIVZs1FF+R/KPN3ZSQYYg=="
    },
    "luxon": {
      "version": "3.4.3",
      "resolved": "https://registry.npmjs.org/luxon/-/luxon-3.4.3.tgz",
      "integrity": "sha512-tFWBiv3h7z+T/tDaoxA8rqTxy1CHV6gHS//QdaH4pulbq/JuBSGgQspQQqcgnwdAx6pNI7cmvz5Sv/addzHmUg=="
    }
  }
}
